
Microsoft Visual Studio Solution File, Format Version 12.00
# Visual Studio Version 17
VisualStudioVersion = 17.3.32825.248
MinimumVisualStudioVersion = 10.0.40219.1
Project("{9A19103F-16F7-4668-BE54-9A1E7A4F7556}") = "Dop_Zadanie", "Dop_Zadanie\Dop_Zadanie.csproj", "{00BEBFAE-7B58-4E4D-AD80-FCD688F9D1C5}"
EndProject
Project("{9A19103F-16F7-4668-BE54-9A1E7A4F7556}") = "Dop_Zadanie2", "Dop_Zadanie2\Dop_Zadanie2.csproj", "{9E822462-D44C-4CBE-BF00-673DF915F4A6}"
EndProject
Project("{FAE04EC0-301F-11D3-BF4B-00C04F79EFBC}") = "Game", "Game\Game.csproj", "{D348206E-CDB7-49D9-8A9E-83C2EA1161A1}"
EndProject
Global
	GlobalSection(SolutionConfigurationPlatforms) = preSolution
		Debug|Any CPU = Debug|Any CPU
		Release|Any CPU = Release|Any CPU
	EndGlobalSection
	GlobalSection(ProjectConfigurationPlatforms) = postSolution
		{00BEBFAE-7B58-4E4D-AD80-FCD688F9D1C5}.Debug|Any CPU.ActiveCfg = Debug|Any CPU
		{00BEBFAE-7B58-4E4D-AD80-FCD688F9D1C5}.Debug|Any CPU.Build.0 = Debug|Any CPU
		{00BEBFAE-7B58-4E4D-AD80-FCD688F9D1C5}.Release|Any CPU.ActiveCfg = Release|Any CPU
		{00BEBFAE-7B58-4E4D-AD80-FCD688F9D1C5}.Release|Any CPU.Build.0 = Release|Any CPU
		{9E822462-D44C-4CBE-BF00-673DF915F4A6}.Debug|Any CPU.ActiveCfg = Debug|Any CPU
		{9E822462-D44C-4CBE-BF00-673DF915F4A6}.Debug|Any CPU.Build.0 = Debug|Any CPU
		{9E822462-D44C-4CBE-BF00-673DF915F4A6}.Release|Any CPU.ActiveCfg = Release|Any CPU
		{9E822462-D44C-4CBE-BF00-673DF915F4A6}.Release|Any CPU.Build.0 = Release|Any CPU
		{D348206E-CDB7-49D9-8A9E-83C2EA1161A1}.Debug|Any CPU.ActiveCfg = Debug|Any CPU
		{D348206E-CDB7-49D9-8A9E-83C2EA1161A1}.Debug|Any CPU.Build.0 = Debug|Any CPU
		{D348206E-CDB7-49D9-8A9E-83C2EA1161A1}.Release|Any CPU.ActiveCfg = Release|Any CPU
		{D348206E-CDB7-49D9-8A9E-83C2EA1161A1}.Release|Any CPU.Build.0 = Release|Any CPU
	EndGlobalSection
	GlobalSection(SolutionProperties) = preSolution
		HideSolutionNode = FALSE
	EndGlobalSection
	GlobalSection(ExtensibilityGlobals) = postSolution
		SolutionGuid = {FD43086A-EC5C-4242-945C-CD8D65D48DF6}
	EndGlobalSection
EndGlobal
